
Microsoft Visual Studio Solution File, Format Version 12.00
# Visual Studio Version 17
VisualStudioVersion = 17.8.34322.80
MinimumVisualStudioVersion = 10.0.40219.1
Project("{FAE04EC0-301F-11D3-BF4B-00C04F79EFBC}") = "Exo1TP5", "Exo1TP5\Exo1TP5.csproj", "{CCCC2A0C-72B8-4CAB-922E-900BF77F31FB}"
EndProject
Global
	GlobalSection(SolutionConfigurationPlatforms) = preSolution
		Debug|Any CPU = Debug|Any CPU
		Release|Any CPU = Release|Any CPU
	EndGlobalSection
	GlobalSection(ProjectConfigurationPlatforms) = postSolution
		{CCCC2A0C-72B8-4CAB-922E-900BF77F31FB}.Debug|Any CPU.ActiveCfg = Debug|Any CPU
		{CCCC2A0C-72B8-4CAB-922E-900BF77F31FB}.Debug|Any CPU.Build.0 = Debug|Any CPU
		{CCCC2A0C-72B8-4CAB-922E-900BF77F31FB}.Release|Any CPU.ActiveCfg = Release|Any CPU
		{CCCC2A0C-72B8-4CAB-922E-900BF77F31FB}.Release|Any CPU.Build.0 = Release|Any CPU
	EndGlobalSection
	GlobalSection(SolutionProperties) = preSolution
		HideSolutionNode = FALSE
	EndGlobalSection
	GlobalSection(ExtensibilityGlobals) = postSolution
		SolutionGuid = {30327B38-A009-4A7E-A499-58C9B76A09D9}
	EndGlobalSection
EndGlobal
