
Microsoft Visual Studio Solution File, Format Version 12.00
# Visual Studio Version 17
VisualStudioVersion = 17.8.34322.80
MinimumVisualStudioVersion = 10.0.40219.1
Project("{FAE04EC0-301F-11D3-BF4B-00C04F79EFBC}") = "FirstAppCS", "FirstAppCS\FirstAppCS.csproj", "{C49FC956-C05C-49F0-BADC-A54937319ED9}"
EndProject
Global
	GlobalSection(SolutionConfigurationPlatforms) = preSolution
		Debug|Any CPU = Debug|Any CPU
		Release|Any CPU = Release|Any CPU
	EndGlobalSection
	GlobalSection(ProjectConfigurationPlatforms) = postSolution
		{C49FC956-C05C-49F0-BADC-A54937319ED9}.Debug|Any CPU.ActiveCfg = Debug|Any CPU
		{C49FC956-C05C-49F0-BADC-A54937319ED9}.Debug|Any CPU.Build.0 = Debug|Any CPU
		{C49FC956-C05C-49F0-BADC-A54937319ED9}.Release|Any CPU.ActiveCfg = Release|Any CPU
		{C49FC956-C05C-49F0-BADC-A54937319ED9}.Release|Any CPU.Build.0 = Release|Any CPU
	EndGlobalSection
	GlobalSection(SolutionProperties) = preSolution
		HideSolutionNode = FALSE
	EndGlobalSection
	GlobalSection(ExtensibilityGlobals) = postSolution
		SolutionGuid = {AB90033B-C1B4-43FD-858B-41B8F732C6F7}
	EndGlobalSection
EndGlobal
