
Microsoft Visual Studio Solution File, Format Version 12.00
# Visual Studio Version 17
VisualStudioVersion = 17.8.34322.80
MinimumVisualStudioVersion = 10.0.40219.1
Project("{FAE04EC0-301F-11D3-BF4B-00C04F79EFBC}") = "Bibmath", "Bibmath\Bibmath.csproj", "{6507C030-0D6C-438B-B55D-10ADC5CA2E62}"
EndProject
Global
	GlobalSection(SolutionConfigurationPlatforms) = preSolution
		Debug|Any CPU = Debug|Any CPU
		Release|Any CPU = Release|Any CPU
	EndGlobalSection
	GlobalSection(ProjectConfigurationPlatforms) = postSolution
		{6507C030-0D6C-438B-B55D-10ADC5CA2E62}.Debug|Any CPU.ActiveCfg = Debug|Any CPU
		{6507C030-0D6C-438B-B55D-10ADC5CA2E62}.Debug|Any CPU.Build.0 = Debug|Any CPU
		{6507C030-0D6C-438B-B55D-10ADC5CA2E62}.Release|Any CPU.ActiveCfg = Release|Any CPU
		{6507C030-0D6C-438B-B55D-10ADC5CA2E62}.Release|Any CPU.Build.0 = Release|Any CPU
	EndGlobalSection
	GlobalSection(SolutionProperties) = preSolution
		HideSolutionNode = FALSE
	EndGlobalSection
	GlobalSection(ExtensibilityGlobals) = postSolution
		SolutionGuid = {8FB9DB32-AA69-46D9-8BF4-953B0AF80404}
	EndGlobalSection
EndGlobal
