
Microsoft Visual Studio Solution File, Format Version 12.00
# Visual Studio Version 17
VisualStudioVersion = 17.8.34322.80
MinimumVisualStudioVersion = 10.0.40219.1
Project("{FAE04EC0-301F-11D3-BF4B-00C04F79EFBC}") = "Exercice1", "Exercice1\Exercice1.csproj", "{C26551CD-8CBD-4EEE-A439-BCE1C0F7E8D5}"
EndProject
Global
	GlobalSection(SolutionConfigurationPlatforms) = preSolution
		Debug|Any CPU = Debug|Any CPU
		Release|Any CPU = Release|Any CPU
	EndGlobalSection
	GlobalSection(ProjectConfigurationPlatforms) = postSolution
		{C26551CD-8CBD-4EEE-A439-BCE1C0F7E8D5}.Debug|Any CPU.ActiveCfg = Debug|Any CPU
		{C26551CD-8CBD-4EEE-A439-BCE1C0F7E8D5}.Debug|Any CPU.Build.0 = Debug|Any CPU
		{C26551CD-8CBD-4EEE-A439-BCE1C0F7E8D5}.Release|Any CPU.ActiveCfg = Release|Any CPU
		{C26551CD-8CBD-4EEE-A439-BCE1C0F7E8D5}.Release|Any CPU.Build.0 = Release|Any CPU
	EndGlobalSection
	GlobalSection(SolutionProperties) = preSolution
		HideSolutionNode = FALSE
	EndGlobalSection
	GlobalSection(ExtensibilityGlobals) = postSolution
		SolutionGuid = {1B712961-EB6A-4BF1-9CF5-5596B824CFFE}
	EndGlobalSection
EndGlobal
